github.com/emmansun/gmsm v0.29.5 h1:diqiq7JGCYy9sDSxkFsHBv065Pry9EwnrEiq1Qbto2s=
github.com/emmansun/gmsm v0.29.5/go.mod h1:kcOsjnqenk+uqpQnb8XFg+xwT4MXC0wKXMMnPabs4NE=
golang.org/x/crypto v0.29.0 h1:L5SG1JTTXupVV3n6sUqMTeWbjAyfPwoda2DLX8J8FrQ=
golang.org/x/crypto v0.29.0/go.mod h1:+F4F4N5hv6v38hfeYwTdx20oUvLLc+QfrE9Ax9HtgRg=
golang.org/x/sys v0.27.0 h1:wBqf8DvsY9Y/2P8gAfPDEYNuS30J4lPHJxXSb/nJZ+s=
golang.org/x/sys v0.27.0/go.mod h1:/VUhepiaJMQUp4+oa/7Zr1D23ma6VTLIYjOOTFZPUcA=
